
Microsoft Visual Studio Solution File, Format Version 12.00
# Visual Studio Version 16
VisualStudioVersion = 16.0.31112.23
MinimumVisualStudioVersion = 10.0.40219.1
Project("{FAE04EC0-301F-11D3-BF4B-00C04F79EFBC}") = "Ex04.Menus.Delegates", "Ex04.Menus.Delegates\Ex04.Menus.Delegates.csproj", "{C06AE75C-209C-4513-83A9-7FEBD41C694C}"
EndProject
Project("{FAE04EC0-301F-11D3-BF4B-00C04F79EFBC}") = "Ex04.Menus.Interfaces", "Ex04.Menus.Interfaces\Ex04.Menus.Interfaces.csproj", "{61FFF1DC-CD15-435F-835F-EA2D585B0097}"
EndProject
Project("{FAE04EC0-301F-11D3-BF4B-00C04F79EFBC}") = "Ex04.Menus.Test", "Ex04.Menus.Test\Ex04.Menus.Test.csproj", "{21B267B0-2A42-4115-B5CA-38A752EEE113}"
EndProject
Global
	GlobalSection(SolutionConfigurationPlatforms) = preSolution
		Debug|Any CPU = Debug|Any CPU
		Release|Any CPU = Release|Any CPU
	EndGlobalSection
	GlobalSection(ProjectConfigurationPlatforms) = postSolution
		{C06AE75C-209C-4513-83A9-7FEBD41C694C}.Debug|Any CPU.ActiveCfg = Debug|Any CPU
		{C06AE75C-209C-4513-83A9-7FEBD41C694C}.Debug|Any CPU.Build.0 = Debug|Any CPU
		{C06AE75C-209C-4513-83A9-7FEBD41C694C}.Release|Any CPU.ActiveCfg = Release|Any CPU
		{C06AE75C-209C-4513-83A9-7FEBD41C694C}.Release|Any CPU.Build.0 = Release|Any CPU
		{61FFF1DC-CD15-435F-835F-EA2D585B0097}.Debug|Any CPU.ActiveCfg = Debug|Any CPU
		{61FFF1DC-CD15-435F-835F-EA2D585B0097}.Debug|Any CPU.Build.0 = Debug|Any CPU
		{61FFF1DC-CD15-435F-835F-EA2D585B0097}.Release|Any CPU.ActiveCfg = Release|Any CPU
		{61FFF1DC-CD15-435F-835F-EA2D585B0097}.Release|Any CPU.Build.0 = Release|Any CPU
		{21B267B0-2A42-4115-B5CA-38A752EEE113}.Debug|Any CPU.ActiveCfg = Debug|Any CPU
		{21B267B0-2A42-4115-B5CA-38A752EEE113}.Debug|Any CPU.Build.0 = Debug|Any CPU
		{21B267B0-2A42-4115-B5CA-38A752EEE113}.Release|Any CPU.ActiveCfg = Release|Any CPU
		{21B267B0-2A42-4115-B5CA-38A752EEE113}.Release|Any CPU.Build.0 = Release|Any CPU
	EndGlobalSection
	GlobalSection(SolutionProperties) = preSolution
		HideSolutionNode = FALSE
	EndGlobalSection
	GlobalSection(ExtensibilityGlobals) = postSolution
		SolutionGuid = {4A1B80DA-179D-4BF9-B606-177BBDCAA4C6}
	EndGlobalSection
EndGlobal
